
Microsoft Visual Studio Solution File, Format Version 12.00
# Visual Studio Version 17
VisualStudioVersion = 17.0.31919.166
MinimumVisualStudioVersion = 10.0.40219.1
Project("{9A19103F-16F7-4668-BE54-9A1E7A4F7556}") = "ConsoleServer", "ConsoleServer\ConsoleServer.csproj", "{CBD911D8-2CD5-4CA4-8C4A-5D2AABACC5C6}"
EndProject
Project("{9A19103F-16F7-4668-BE54-9A1E7A4F7556}") = "Sample", "Sample\Sample.csproj", "{51F79F7C-65D2-4F4E-8B48-6E1777B9C852}"
EndProject
Project("{2150E333-8FDC-42A3-9474-1A3956D46DE8}") = "Docker", "Docker", "{4F0D1724-50A3-418E-BC7E-1FD3606F6D91}"
	ProjectSection(SolutionItems) = preProject
		docker_mongodbbackend.yaml = docker_mongodbbackend.yaml
	EndProjectSection
EndProject
Project("{9A19103F-16F7-4668-BE54-9A1E7A4F7556}") = "BlackSheep.Core", "BlackSheep.Core\BlackSheep.Core.csproj", "{067CC025-5394-4D85-93C9-00FF8D253D42}"
EndProject
Project("{9A19103F-16F7-4668-BE54-9A1E7A4F7556}") = "BlackSheep.MongoDb", "BlackSheep.MongoDb\BlackSheep.MongoDb.csproj", "{8168432C-A06E-4E16-BC83-72484B405A85}"
EndProject
Project("{9A19103F-16F7-4668-BE54-9A1E7A4F7556}") = "BlackSheep.CMS", "BlackSheep.CMS\BlackSheep.CMS.csproj", "{A82EF8D2-57AE-4FF2-B0A3-8C3D8604F84D}"
EndProject
Project("{2150E333-8FDC-42A3-9474-1A3956D46DE8}") = "Database", "Database", "{A779BD04-B4F5-4739-911D-382109C5A0B8}"
	ProjectSection(SolutionItems) = preProject
		MongodbTeamAInitScript.js = MongodbTeamAInitScript.js
		MongodbVideoGameInitScript.js = MongodbVideoGameInitScript.js
	EndProjectSection
EndProject
Project("{9A19103F-16F7-4668-BE54-9A1E7A4F7556}") = "BlazorSample", "BlazorSample\BlazorSample.csproj", "{15D62ABF-C607-434B-8179-0EF0EC286AD8}"
EndProject
Project("{2150E333-8FDC-42A3-9474-1A3956D46DE8}") = "Tests", "Tests", "{B0FEF163-E5E6-4511-961D-6139FC69E11A}"
EndProject
Project("{9A19103F-16F7-4668-BE54-9A1E7A4F7556}") = "BlackSheep.Core.Tests", "BlackSheep.Core.Tests\BlackSheep.Core.Tests.csproj", "{6CED6FBF-F4FF-4997-A878-9E530A1E38DD}"
EndProject
Project("{9A19103F-16F7-4668-BE54-9A1E7A4F7556}") = "Sample.Dep", "Sample.Dep\Sample.Dep.csproj", "{21D7B947-0F30-4C7B-9371-E9B1F86F1E8C}"
EndProject
Project("{2150E333-8FDC-42A3-9474-1A3956D46DE8}") = "UI", "UI", "{832EDDE5-D5D1-499C-94BA-521D7C10B740}"
EndProject
Project("{2150E333-8FDC-42A3-9474-1A3956D46DE8}") = "Core", "Core", "{FE0E84C1-319C-407C-95BF-40D7DDA0D630}"
EndProject
Project("{2150E333-8FDC-42A3-9474-1A3956D46DE8}") = "Plugins", "Plugins", "{A81EAF73-5AE4-4655-B290-619E44F989A0}"
EndProject
Project("{2150E333-8FDC-42A3-9474-1A3956D46DE8}") = "Example", "Example", "{6B75DC76-4BEF-46CA-96C3-3966F881A932}"
EndProject
Project("{2150E333-8FDC-42A3-9474-1A3956D46DE8}") = "CMS", "CMS", "{92A6DF1B-35A2-40C4-AD10-89D67BE9367F}"
EndProject
Project("{2150E333-8FDC-42A3-9474-1A3956D46DE8}") = "MongoDb", "MongoDb", "{3AE29667-DC6F-495A-80FE-871F3517727A}"
EndProject
Project("{2150E333-8FDC-42A3-9474-1A3956D46DE8}") = "Solution Items", "Solution Items", "{249A11A3-B36D-4F09-BB16-EFD26768FF7A}"
EndProject
Global
	GlobalSection(SolutionConfigurationPlatforms) = preSolution
		Debug|Any CPU = Debug|Any CPU
		Release|Any CPU = Release|Any CPU
	EndGlobalSection
	GlobalSection(ProjectConfigurationPlatforms) = postSolution
		{CBD911D8-2CD5-4CA4-8C4A-5D2AABACC5C6}.Debug|Any CPU.ActiveCfg = Debug|Any CPU
		{CBD911D8-2CD5-4CA4-8C4A-5D2AABACC5C6}.Debug|Any CPU.Build.0 = Debug|Any CPU
		{CBD911D8-2CD5-4CA4-8C4A-5D2AABACC5C6}.Release|Any CPU.ActiveCfg = Release|Any CPU
		{CBD911D8-2CD5-4CA4-8C4A-5D2AABACC5C6}.Release|Any CPU.Build.0 = Release|Any CPU
		{51F79F7C-65D2-4F4E-8B48-6E1777B9C852}.Debug|Any CPU.ActiveCfg = Debug|Any CPU
		{51F79F7C-65D2-4F4E-8B48-6E1777B9C852}.Debug|Any CPU.Build.0 = Debug|Any CPU
		{51F79F7C-65D2-4F4E-8B48-6E1777B9C852}.Release|Any CPU.ActiveCfg = Release|Any CPU
		{51F79F7C-65D2-4F4E-8B48-6E1777B9C852}.Release|Any CPU.Build.0 = Release|Any CPU
		{067CC025-5394-4D85-93C9-00FF8D253D42}.Debug|Any CPU.ActiveCfg = Debug|Any CPU
		{067CC025-5394-4D85-93C9-00FF8D253D42}.Debug|Any CPU.Build.0 = Debug|Any CPU
		{067CC025-5394-4D85-93C9-00FF8D253D42}.Release|Any CPU.ActiveCfg = Release|Any CPU
		{067CC025-5394-4D85-93C9-00FF8D253D42}.Release|Any CPU.Build.0 = Release|Any CPU
		{8168432C-A06E-4E16-BC83-72484B405A85}.Debug|Any CPU.ActiveCfg = Debug|Any CPU
		{8168432C-A06E-4E16-BC83-72484B405A85}.Debug|Any CPU.Build.0 = Debug|Any CPU
		{8168432C-A06E-4E16-BC83-72484B405A85}.Release|Any CPU.ActiveCfg = Release|Any CPU
		{8168432C-A06E-4E16-BC83-72484B405A85}.Release|Any CPU.Build.0 = Release|Any CPU
		{A82EF8D2-57AE-4FF2-B0A3-8C3D8604F84D}.Debug|Any CPU.ActiveCfg = Debug|Any CPU
		{A82EF8D2-57AE-4FF2-B0A3-8C3D8604F84D}.Debug|Any CPU.Build.0 = Debug|Any CPU
		{A82EF8D2-57AE-4FF2-B0A3-8C3D8604F84D}.Release|Any CPU.ActiveCfg = Release|Any CPU
		{A82EF8D2-57AE-4FF2-B0A3-8C3D8604F84D}.Release|Any CPU.Build.0 = Release|Any CPU
		{15D62ABF-C607-434B-8179-0EF0EC286AD8}.Debug|Any CPU.ActiveCfg = Debug|Any CPU
		{15D62ABF-C607-434B-8179-0EF0EC286AD8}.Debug|Any CPU.Build.0 = Debug|Any CPU
		{15D62ABF-C607-434B-8179-0EF0EC286AD8}.Release|Any CPU.ActiveCfg = Release|Any CPU
		{15D62ABF-C607-434B-8179-0EF0EC286AD8}.Release|Any CPU.Build.0 = Release|Any CPU
		{6CED6FBF-F4FF-4997-A878-9E530A1E38DD}.Debug|Any CPU.ActiveCfg = Debug|Any CPU
		{6CED6FBF-F4FF-4997-A878-9E530A1E38DD}.Debug|Any CPU.Build.0 = Debug|Any CPU
		{6CED6FBF-F4FF-4997-A878-9E530A1E38DD}.Release|Any CPU.ActiveCfg = Release|Any CPU
		{6CED6FBF-F4FF-4997-A878-9E530A1E38DD}.Release|Any CPU.Build.0 = Release|Any CPU
		{21D7B947-0F30-4C7B-9371-E9B1F86F1E8C}.Debug|Any CPU.ActiveCfg = Debug|Any CPU
		{21D7B947-0F30-4C7B-9371-E9B1F86F1E8C}.Debug|Any CPU.Build.0 = Debug|Any CPU
		{21D7B947-0F30-4C7B-9371-E9B1F86F1E8C}.Release|Any CPU.ActiveCfg = Release|Any CPU
		{21D7B947-0F30-4C7B-9371-E9B1F86F1E8C}.Release|Any CPU.Build.0 = Release|Any CPU
	EndGlobalSection
	GlobalSection(SolutionProperties) = preSolution
		HideSolutionNode = FALSE
	EndGlobalSection
	GlobalSection(NestedProjects) = preSolution
		{51F79F7C-65D2-4F4E-8B48-6E1777B9C852} = {6B75DC76-4BEF-46CA-96C3-3966F881A932}
		{067CC025-5394-4D85-93C9-00FF8D253D42} = {FE0E84C1-319C-407C-95BF-40D7DDA0D630}
		{8168432C-A06E-4E16-BC83-72484B405A85} = {3AE29667-DC6F-495A-80FE-871F3517727A}
		{A82EF8D2-57AE-4FF2-B0A3-8C3D8604F84D} = {92A6DF1B-35A2-40C4-AD10-89D67BE9367F}
		{15D62ABF-C607-434B-8179-0EF0EC286AD8} = {832EDDE5-D5D1-499C-94BA-521D7C10B740}
		{6CED6FBF-F4FF-4997-A878-9E530A1E38DD} = {B0FEF163-E5E6-4511-961D-6139FC69E11A}
		{21D7B947-0F30-4C7B-9371-E9B1F86F1E8C} = {6B75DC76-4BEF-46CA-96C3-3966F881A932}
		{6B75DC76-4BEF-46CA-96C3-3966F881A932} = {A81EAF73-5AE4-4655-B290-619E44F989A0}
		{92A6DF1B-35A2-40C4-AD10-89D67BE9367F} = {A81EAF73-5AE4-4655-B290-619E44F989A0}
		{3AE29667-DC6F-495A-80FE-871F3517727A} = {A81EAF73-5AE4-4655-B290-619E44F989A0}
	EndGlobalSection
	GlobalSection(ExtensibilityGlobals) = postSolution
		SolutionGuid = {5B039679-AA17-4D2C-932A-063F13A07737}
	EndGlobalSection
EndGlobal
